
Microsoft Visual Studio Solution File, Format Version 12.00
# Visual Studio Version 16
VisualStudioVersion = 16.0.37027.11
MinimumVisualStudioVersion = 10.0.40219.1
Project("{FAE04EC0-301F-11D3-BF4B-00C04F79EFBC}") = "MyPersonalLib.UI", "MyPersonalLib.UI\MyPersonalLib.UI.csproj", "{F9E69992-CB67-4206-B18F-AC33BB6F384E}"
EndProject
Project("{FAE04EC0-301F-11D3-BF4B-00C04F79EFBC}") = "MyPersonalLib.Entities", "MyPersonalLib.Entities\MyPersonalLib.Entities.csproj", "{F2FD7787-7C85-4E31-8969-CB4A501D2CCB}"
EndProject
Project("{FAE04EC0-301F-11D3-BF4B-00C04F79EFBC}") = "MyPersonalLib.DataAccess", "MyPersonalLib.DataAccess\MyPersonalLib.DataAccess.csproj", "{8A00F2EE-0E96-4484-B66E-5939D99031E1}"
EndProject
Project("{FAE04EC0-301F-11D3-BF4B-00C04F79EFBC}") = "MyPersonalLib.Business", "MyPersonalLib.Business\MyPersonalLib.Business.csproj", "{04F07C20-0D54-4F36-9DB3-098451AB1D2E}"
EndProject
Project("{2150E333-8FDC-42A3-9474-1A3956D46DE8}") = "Solution Items", "Solution Items", "{E331D7EF-15C9-408E-847F-BD85876177BC}"
	ProjectSection(SolutionItems) = preProject
		README.md = README.md
	EndProjectSection
EndProject
Global
	GlobalSection(SolutionConfigurationPlatforms) = preSolution
		Debug|Any CPU = Debug|Any CPU
		Release|Any CPU = Release|Any CPU
	EndGlobalSection
	GlobalSection(ProjectConfigurationPlatforms) = postSolution
		{F9E69992-CB67-4206-B18F-AC33BB6F384E}.Debug|Any CPU.ActiveCfg = Debug|Any CPU
		{F9E69992-CB67-4206-B18F-AC33BB6F384E}.Debug|Any CPU.Build.0 = Debug|Any CPU
		{F9E69992-CB67-4206-B18F-AC33BB6F384E}.Release|Any CPU.ActiveCfg = Release|Any CPU
		{F9E69992-CB67-4206-B18F-AC33BB6F384E}.Release|Any CPU.Build.0 = Release|Any CPU
		{F2FD7787-7C85-4E31-8969-CB4A501D2CCB}.Debug|Any CPU.ActiveCfg = Debug|Any CPU
		{F2FD7787-7C85-4E31-8969-CB4A501D2CCB}.Debug|Any CPU.Build.0 = Debug|Any CPU
		{F2FD7787-7C85-4E31-8969-CB4A501D2CCB}.Release|Any CPU.ActiveCfg = Release|Any CPU
		{F2FD7787-7C85-4E31-8969-CB4A501D2CCB}.Release|Any CPU.Build.0 = Release|Any CPU
		{8A00F2EE-0E96-4484-B66E-5939D99031E1}.Debug|Any CPU.ActiveCfg = Debug|Any CPU
		{8A00F2EE-0E96-4484-B66E-5939D99031E1}.Debug|Any CPU.Build.0 = Debug|Any CPU
		{8A00F2EE-0E96-4484-B66E-5939D99031E1}.Release|Any CPU.ActiveCfg = Release|Any CPU
		{8A00F2EE-0E96-4484-B66E-5939D99031E1}.Release|Any CPU.Build.0 = Release|Any CPU
		{04F07C20-0D54-4F36-9DB3-098451AB1D2E}.Debug|Any CPU.ActiveCfg = Debug|Any CPU
		{04F07C20-0D54-4F36-9DB3-098451AB1D2E}.Debug|Any CPU.Build.0 = Debug|Any CPU
		{04F07C20-0D54-4F36-9DB3-098451AB1D2E}.Release|Any CPU.ActiveCfg = Release|Any CPU
		{04F07C20-0D54-4F36-9DB3-098451AB1D2E}.Release|Any CPU.Build.0 = Release|Any CPU
	EndGlobalSection
	GlobalSection(SolutionProperties) = preSolution
		HideSolutionNode = FALSE
	EndGlobalSection
	GlobalSection(ExtensibilityGlobals) = postSolution
		SolutionGuid = {06FF3C0B-F4F0-4827-ACF1-A23EE83D2C6A}
	EndGlobalSection
EndGlobal
